// !$*UTF8*$!
{
	archiveVersion = 1;
	classes = {
	};
	objectVersion = 46;
	objects = {

/* Begin PBXBuildFile section */
		02F3F4CB4CD4F0C6489BFEFD /* Pods_GithubRepositoryBrowserCore.framework in Frameworks */ = {isa = PBXBuildFile; fileRef = 226901B3B9C6E39786ABA8F1 /* Pods_GithubRepositoryBrowserCore.framework */; };
		7337DDDE817D10355EC26967 /* Pods_GithubRepositoryBrowserCoreTests.framework in Frameworks */ = {isa = PBXBuildFile; fileRef = A8592DE87D303608809746D6 /* Pods_GithubRepositoryBrowserCoreTests.framework */; };
		736FC56269E82BB69C4BAF67 /* Pods_GithubRepositoryBrowser.framework in Frameworks */ = {isa = PBXBuildFile; fileRef = 3BD99307113890B8A3E6CB1A /* Pods_GithubRepositoryBrowser.framework */; };
		B828D4521CFBEED900AF51AC /* GithubRepositoryBrowserCore.h in Headers */ = {isa = PBXBuildFile; fileRef = B828D4511CFBEED900AF51AC /* GithubRepositoryBrowserCore.h */; settings = {ATTRIBUTES = (Public, ); }; };
		B828D4591CFBEEDA00AF51AC /* GithubRepositoryBrowserCore.framework in Frameworks */ = {isa = PBXBuildFile; fileRef = B828D44F1CFBEED900AF51AC /* GithubRepositoryBrowserCore.framework */; };
		B828D4601CFBEEDA00AF51AC /* GithubRepositoryBrowserCoreTests.swift in Sources */ = {isa = PBXBuildFile; fileRef = B828D45F1CFBEEDA00AF51AC /* GithubRepositoryBrowserCoreTests.swift */; };
		B828D4641CFBEEDA00AF51AC /* GithubRepositoryBrowserCore.framework in Frameworks */ = {isa = PBXBuildFile; fileRef = B828D44F1CFBEED900AF51AC /* GithubRepositoryBrowserCore.framework */; };
		B828D4651CFBEEDA00AF51AC /* GithubRepositoryBrowserCore.framework in Embed Frameworks */ = {isa = PBXBuildFile; fileRef = B828D44F1CFBEED900AF51AC /* GithubRepositoryBrowserCore.framework */; settings = {ATTRIBUTES = (CodeSignOnCopy, RemoveHeadersOnCopy, ); }; };
		B828D46F1CFBF95200AF51AC /* User.swift in Sources */ = {isa = PBXBuildFile; fileRef = B828D46E1CFBF95200AF51AC /* User.swift */; };
		B828D4711CFBFE7F00AF51AC /* Repository.swift in Sources */ = {isa = PBXBuildFile; fileRef = B828D4701CFBFE7F00AF51AC /* Repository.swift */; };
		B836F4121CFBEA20005CBC68 /* AppDelegate.swift in Sources */ = {isa = PBXBuildFile; fileRef = B836F4111CFBEA20005CBC68 /* AppDelegate.swift */; };
		B836F4141CFBEA20005CBC68 /* ViewController.swift in Sources */ = {isa = PBXBuildFile; fileRef = B836F4131CFBEA20005CBC68 /* ViewController.swift */; };
		B836F4171CFBEA20005CBC68 /* Main.storyboard in Resources */ = {isa = PBXBuildFile; fileRef = B836F4151CFBEA20005CBC68 /* Main.storyboard */; };
		B836F4191CFBEA20005CBC68 /* Assets.xcassets in Resources */ = {isa = PBXBuildFile; fileRef = B836F4181CFBEA20005CBC68 /* Assets.xcassets */; };
		B836F41C1CFBEA20005CBC68 /* LaunchScreen.storyboard in Resources */ = {isa = PBXBuildFile; fileRef = B836F41A1CFBEA20005CBC68 /* LaunchScreen.storyboard */; };
/* End PBXBuildFile section */

/* Begin PBXContainerItemProxy section */
		B828D45A1CFBEEDA00AF51AC /* PBXContainerItemProxy */ = {
			isa = PBXContainerItemProxy;
			containerPortal = B836F4061CFBEA20005CBC68 /* Project object */;
			proxyType = 1;
			remoteGlobalIDString = B828D44E1CFBEED900AF51AC;
			remoteInfo = GithubRepositoryBrowserCore;
		};
		B828D45C1CFBEEDA00AF51AC /* PBXContainerItemProxy */ = {
			isa = PBXContainerItemProxy;
			containerPortal = B836F4061CFBEA20005CBC68 /* Project object */;
			proxyType = 1;
			remoteGlobalIDString = B836F40D1CFBEA20005CBC68;
			remoteInfo = GithubRepositoryBrowser;
		};
		B828D4621CFBEEDA00AF51AC /* PBXContainerItemProxy */ = {
			isa = PBXContainerItemProxy;
			containerPortal = B836F4061CFBEA20005CBC68 /* Project object */;
			proxyType = 1;
			remoteGlobalIDString = B828D44E1CFBEED900AF51AC;
			remoteInfo = GithubRepositoryBrowserCore;
		};
/* End PBXContainerItemProxy section */

/* Begin PBXCopyFilesBuildPhase section */
		B828D46B1CFBEEDA00AF51AC /* Embed Frameworks */ = {
			isa = PBXCopyFilesBuildPhase;
			buildActionMask = 2147483647;
			dstPath = "";
			dstSubfolderSpec = 10;
			files = (
				B828D4651CFBEEDA00AF51AC /* GithubRepositoryBrowserCore.framework in Embed Frameworks */,
			);
			name = "Embed Frameworks";
			runOnlyForDeploymentPostprocessing = 0;
		};
/* End PBXCopyFilesBuildPhase section */

/* Begin PBXFileReference section */
		226901B3B9C6E39786ABA8F1 /* Pods_GithubRepositoryBrowserCore.framework */ = {isa = PBXFileReference; explicitFileType = wrapper.framework; includeInIndex = 0; path = Pods_GithubRepositoryBrowserCore.framework; sourceTree = BUILT_PRODUCTS_DIR; };
		31920EB36C5931C6B3E2888D /* Pods-GithubRepositoryBrowser.debug.xcconfig */ = {isa = PBXFileReference; includeInIndex = 1; lastKnownFileType = text.xcconfig; name = "Pods-GithubRepositoryBrowser.debug.xcconfig"; path = "Pods/Target Support Files/Pods-GithubRepositoryBrowser/Pods-GithubRepositoryBrowser.debug.xcconfig"; sourceTree = "<group>"; };
		31CAE9A83ACF47C766B5D254 /* Pods-GithubRepositoryBrowserCore.debug.xcconfig */ = {isa = PBXFileReference; includeInIndex = 1; lastKnownFileType = text.xcconfig; name = "Pods-GithubRepositoryBrowserCore.debug.xcconfig"; path = "Pods/Target Support Files/Pods-GithubRepositoryBrowserCore/Pods-GithubRepositoryBrowserCore.debug.xcconfig"; sourceTree = "<group>"; };
		3BD99307113890B8A3E6CB1A /* Pods_GithubRepositoryBrowser.framework */ = {isa = PBXFileReference; explicitFileType = wrapper.framework; includeInIndex = 0; path = Pods_GithubRepositoryBrowser.framework; sourceTree = BUILT_PRODUCTS_DIR; };
		5191747146A1749A2C2183E5 /* Pods-GithubRepositoryBrowserCoreTests.release.xcconfig */ = {isa = PBXFileReference; includeInIndex = 1; lastKnownFileType = text.xcconfig; name = "Pods-GithubRepositoryBrowserCoreTests.release.xcconfig"; path = "Pods/Target Support Files/Pods-GithubRepositoryBrowserCoreTests/Pods-GithubRepositoryBrowserCoreTests.release.xcconfig"; sourceTree = "<group>"; };
		87AA9F6D687EB39571DD1A88 /* Pods-GithubRepositoryBrowser.release.xcconfig */ = {isa = PBXFileReference; includeInIndex = 1; lastKnownFileType = text.xcconfig; name = "Pods-GithubRepositoryBrowser.release.xcconfig"; path = "Pods/Target Support Files/Pods-GithubRepositoryBrowser/Pods-GithubRepositoryBrowser.release.xcconfig"; sourceTree = "<group>"; };
		A8592DE87D303608809746D6 /* Pods_GithubRepositoryBrowserCoreTests.framework */ = {isa = PBXFileReference; explicitFileType = wrapper.framework; includeInIndex = 0; path = Pods_GithubRepositoryBrowserCoreTests.framework; sourceTree = BUILT_PRODUCTS_DIR; };
		B09A341BF2BD7ACB4497C93D /* Pods-GithubRepositoryBrowserCoreTests.debug.xcconfig */ = {isa = PBXFileReference; includeInIndex = 1; lastKnownFileType = text.xcconfig; name = "Pods-GithubRepositoryBrowserCoreTests.debug.xcconfig"; path = "Pods/Target Support Files/Pods-GithubRepositoryBrowserCoreTests/Pods-GithubRepositoryBrowserCoreTests.debug.xcconfig"; sourceTree = "<group>"; };
		B1EE3A79C93F7ECEF2AB8490 /* Pods-GithubRepositoryBrowserCore.release.xcconfig */ = {isa = PBXFileReference; includeInIndex = 1; lastKnownFileType = text.xcconfig; name = "Pods-GithubRepositoryBrowserCore.release.xcconfig"; path = "Pods/Target Support Files/Pods-GithubRepositoryBrowserCore/Pods-GithubRepositoryBrowserCore.release.xcconfig"; sourceTree = "<group>"; };
		B828D44F1CFBEED900AF51AC /* GithubRepositoryBrowserCore.framework */ = {isa = PBXFileReference; explicitFileType = wrapper.framework; includeInIndex = 0; path = GithubRepositoryBrowserCore.framework; sourceTree = BUILT_PRODUCTS_DIR; };
		B828D4511CFBEED900AF51AC /* GithubRepositoryBrowserCore.h */ = {isa = PBXFileReference; lastKnownFileType = sourcecode.c.h; path = GithubRepositoryBrowserCore.h; sourceTree = "<group>"; };
		B828D4531CFBEED900AF51AC /* Info.plist */ = {isa = PBXFileReference; lastKnownFileType = text.plist.xml; path = Info.plist; sourceTree = "<group>"; };
		B828D4581CFBEED900AF51AC /* GithubRepositoryBrowserCoreTests.xctest */ = {isa = PBXFileReference; explicitFileType = wrapper.cfbundle; includeInIndex = 0; path = GithubRepositoryBrowserCoreTests.xctest; sourceTree = BUILT_PRODUCTS_DIR; };
		B828D45F1CFBEEDA00AF51AC /* GithubRepositoryBrowserCoreTests.swift */ = {isa = PBXFileReference; lastKnownFileType = sourcecode.swift; path = GithubRepositoryBrowserCoreTests.swift; sourceTree = "<group>"; };
		B828D4611CFBEEDA00AF51AC /* Info.plist */ = {isa = PBXFileReference; lastKnownFileType = text.plist.xml; path = Info.plist; sourceTree = "<group>"; };
		B828D46E1CFBF95200AF51AC /* User.swift */ = {isa = PBXFileReference; fileEncoding = 4; lastKnownFileType = sourcecode.swift; path = User.swift; sourceTree = "<group>"; };
		B828D4701CFBFE7F00AF51AC /* Repository.swift */ = {isa = PBXFileReference; fileEncoding = 4; lastKnownFileType = sourcecode.swift; path = Repository.swift; sourceTree = "<group>"; };
		B836F40E1CFBEA20005CBC68 /* GithubRepositoryBrowser.app */ = {isa = PBXFileReference; explicitFileType = wrapper.application; includeInIndex = 0; path = GithubRepositoryBrowser.app; sourceTree = BUILT_PRODUCTS_DIR; };
		B836F4111CFBEA20005CBC68 /* AppDelegate.swift */ = {isa = PBXFileReference; lastKnownFileType = sourcecode.swift; path = AppDelegate.swift; sourceTree = "<group>"; };
		B836F4131CFBEA20005CBC68 /* ViewController.swift */ = {isa = PBXFileReference; lastKnownFileType = sourcecode.swift; path = ViewController.swift; sourceTree = "<group>"; };
		B836F4161CFBEA20005CBC68 /* Base */ = {isa = PBXFileReference; lastKnownFileType = file.storyboard; name = Base; path = Base.lproj/Main.storyboard; sourceTree = "<group>"; };
		B836F4181CFBEA20005CBC68 /* Assets.xcassets */ = {isa = PBXFileReference; lastKnownFileType = folder.assetcatalog; path = Assets.xcassets; sourceTree = "<group>"; };
		B836F41B1CFBEA20005CBC68 /* Base */ = {isa = PBXFileReference; lastKnownFileType = file.storyboard; name = Base; path = Base.lproj/LaunchScreen.storyboard; sourceTree = "<group>"; };
		B836F41D1CFBEA20005CBC68 /* Info.plist */ = {isa = PBXFileReference; lastKnownFileType = text.plist.xml; path = Info.plist; sourceTree = "<group>"; };
/* End PBXFileReference section */

/* Begin PBXFrameworksBuildPhase section */
		B828D44B1CFBEED900AF51AC /* Frameworks */ = {
			isa = PBXFrameworksBuildPhase;
			buildActionMask = 2147483647;
			files = (
				02F3F4CB4CD4F0C6489BFEFD /* Pods_GithubRepositoryBrowserCore.framework in Frameworks */,
			);
			runOnlyForDeploymentPostprocessing = 0;
		};
		B828D4551CFBEED900AF51AC /* Frameworks */ = {
			isa = PBXFrameworksBuildPhase;
			buildActionMask = 2147483647;
			files = (
				B828D4591CFBEEDA00AF51AC /* GithubRepositoryBrowserCore.framework in Frameworks */,
				7337DDDE817D10355EC26967 /* Pods_GithubRepositoryBrowserCoreTests.framework in Frameworks */,
			);
			runOnlyForDeploymentPostprocessing = 0;
		};
		B836F40B1CFBEA20005CBC68 /* Frameworks */ = {
			isa = PBXFrameworksBuildPhase;
			buildActionMask = 2147483647;
			files = (
				B828D4641CFBEEDA00AF51AC /* GithubRepositoryBrowserCore.framework in Frameworks */,
				736FC56269E82BB69C4BAF67 /* Pods_GithubRepositoryBrowser.framework in Frameworks */,
			);
			runOnlyForDeploymentPostprocessing = 0;
		};
/* End PBXFrameworksBuildPhase section */

/* Begin PBXGroup section */
		33F752156B9183D71383CA6A /* Pods */ = {
			isa = PBXGroup;
			children = (
				31920EB36C5931C6B3E2888D /* Pods-GithubRepositoryBrowser.debug.xcconfig */,
				87AA9F6D687EB39571DD1A88 /* Pods-GithubRepositoryBrowser.release.xcconfig */,
				31CAE9A83ACF47C766B5D254 /* Pods-GithubRepositoryBrowserCore.debug.xcconfig */,
				B1EE3A79C93F7ECEF2AB8490 /* Pods-GithubRepositoryBrowserCore.release.xcconfig */,
				B09A341BF2BD7ACB4497C93D /* Pods-GithubRepositoryBrowserCoreTests.debug.xcconfig */,
				5191747146A1749A2C2183E5 /* Pods-GithubRepositoryBrowserCoreTests.release.xcconfig */,
			);
			name = Pods;
			sourceTree = "<group>";
		};
		68DA8205BD254550829B42E7 /* Frameworks */ = {
			isa = PBXGroup;
			children = (
				3BD99307113890B8A3E6CB1A /* Pods_GithubRepositoryBrowser.framework */,
				226901B3B9C6E39786ABA8F1 /* Pods_GithubRepositoryBrowserCore.framework */,
				A8592DE87D303608809746D6 /* Pods_GithubRepositoryBrowserCoreTests.framework */,
			);
			name = Frameworks;
			sourceTree = "<group>";
		};
		B828D4501CFBEED900AF51AC /* GithubRepositoryBrowserCore */ = {
			isa = PBXGroup;
			children = (
				B828D46D1CFBF8BA00AF51AC /* Domain */,
				B828D4511CFBEED900AF51AC /* GithubRepositoryBrowserCore.h */,
				B828D4531CFBEED900AF51AC /* Info.plist */,
			);
			path = GithubRepositoryBrowserCore;
			sourceTree = "<group>";
		};
		B828D45E1CFBEEDA00AF51AC /* GithubRepositoryBrowserCoreTests */ = {
			isa = PBXGroup;
			children = (
				B828D45F1CFBEEDA00AF51AC /* GithubRepositoryBrowserCoreTests.swift */,
				B828D4611CFBEEDA00AF51AC /* Info.plist */,
			);
			path = GithubRepositoryBrowserCoreTests;
			sourceTree = "<group>";
		};
		B828D46D1CFBF8BA00AF51AC /* Domain */ = {
			isa = PBXGroup;
			children = (
				B828D46E1CFBF95200AF51AC /* User.swift */,
				B828D4701CFBFE7F00AF51AC /* Repository.swift */,
			);
			name = Domain;
			sourceTree = "<group>";
		};
		B836F4051CFBEA20005CBC68 = {
			isa = PBXGroup;
			children = (
				B836F4101CFBEA20005CBC68 /* GithubRepositoryBrowser */,
				B828D4501CFBEED900AF51AC /* GithubRepositoryBrowserCore */,
				B828D45E1CFBEEDA00AF51AC /* GithubRepositoryBrowserCoreTests */,
				B836F40F1CFBEA20005CBC68 /* Products */,
				33F752156B9183D71383CA6A /* Pods */,
				68DA8205BD254550829B42E7 /* Frameworks */,
			);
			sourceTree = "<group>";
		};
		B836F40F1CFBEA20005CBC68 /* Products */ = {
			isa = PBXGroup;
			children = (
				B836F40E1CFBEA20005CBC68 /* GithubRepositoryBrowser.app */,
				B828D44F1CFBEED900AF51AC /* GithubRepositoryBrowserCore.framework */,
				B828D4581CFBEED900AF51AC /* GithubRepositoryBrowserCoreTests.xctest */,
			);
			name = Products;
			sourceTree = "<group>";
		};
		B836F4101CFBEA20005CBC68 /* GithubRepositoryBrowser */ = {
			isa = PBXGroup;
			children = (
				B836F4111CFBEA20005CBC68 /* AppDelegate.swift */,
				B836F4131CFBEA20005CBC68 /* ViewController.swift */,
				B836F4151CFBEA20005CBC68 /* Main.storyboard */,
				B836F4181CFBEA20005CBC68 /* Assets.xcassets */,
				B836F41A1CFBEA20005CBC68 /* LaunchScreen.storyboard */,
				B836F41D1CFBEA20005CBC68 /* Info.plist */,
			);
			path = GithubRepositoryBrowser;
			sourceTree = "<group>";
		};
/* End PBXGroup section */

/* Begin PBXHeadersBuildPhase section */
		B828D44C1CFBEED900AF51AC /* Headers */ = {
			isa = PBXHeadersBuildPhase;
			buildActionMask = 2147483647;
			files = (
				B828D4521CFBEED900AF51AC /* GithubRepositoryBrowserCore.h in Headers */,
			);
			runOnlyForDeploymentPostprocessing = 0;
		};
/* End PBXHeadersBuildPhase section */

/* Begin PBXNativeTarget section */
		B828D44E1CFBEED900AF51AC /* GithubRepositoryBrowserCore */ = {
			isa = PBXNativeTarget;
			buildConfigurationList = B828D46A1CFBEEDA00AF51AC /* Build configuration list for PBXNativeTarget "GithubRepositoryBrowserCore" */;
			buildPhases = (
				283C9FB0ADD78228005984E8 /* 📦 Check Pods Manifest.lock */,
				B828D44A1CFBEED900AF51AC /* Sources */,
				B828D44B1CFBEED900AF51AC /* Frameworks */,
				B828D44C1CFBEED900AF51AC /* Headers */,
				B828D44D1CFBEED900AF51AC /* Resources */,
				5084C44BC268B7BB607E616D /* 📦 Copy Pods Resources */,
			);
			buildRules = (
			);
			dependencies = (
			);
			name = GithubRepositoryBrowserCore;
			productName = GithubRepositoryBrowserCore;
			productReference = B828D44F1CFBEED900AF51AC /* GithubRepositoryBrowserCore.framework */;
			productType = "com.apple.product-type.framework";
		};
		B828D4571CFBEED900AF51AC /* GithubRepositoryBrowserCoreTests */ = {
			isa = PBXNativeTarget;
			buildConfigurationList = B828D46C1CFBEEDA00AF51AC /* Build configuration list for PBXNativeTarget "GithubRepositoryBrowserCoreTests" */;
			buildPhases = (
				D5F5B3D2597622CE0113A6EA /* 📦 Check Pods Manifest.lock */,
				B828D4541CFBEED900AF51AC /* Sources */,
				B828D4551CFBEED900AF51AC /* Frameworks */,
				B828D4561CFBEED900AF51AC /* Resources */,
				D9254AD2DC68F90435A5E492 /* 📦 Embed Pods Frameworks */,
				F71B504FB9A6D493BCE6338C /* 📦 Copy Pods Resources */,
			);
			buildRules = (
			);
			dependencies = (
				B828D45B1CFBEEDA00AF51AC /* PBXTargetDependency */,
				B828D45D1CFBEEDA00AF51AC /* PBXTargetDependency */,
			);
			name = GithubRepositoryBrowserCoreTests;
			productName = GithubRepositoryBrowserCoreTests;
			productReference = B828D4581CFBEED900AF51AC /* GithubRepositoryBrowserCoreTests.xctest */;
			productType = "com.apple.product-type.bundle.unit-test";
		};
		B836F40D1CFBEA20005CBC68 /* GithubRepositoryBrowser */ = {
			isa = PBXNativeTarget;
			buildConfigurationList = B836F42B1CFBEA20005CBC68 /* Build configuration list for PBXNativeTarget "GithubRepositoryBrowser" */;
			buildPhases = (
				9383B2D8908EA2A828E3F9A2 /* 📦 Check Pods Manifest.lock */,
				B836F40A1CFBEA20005CBC68 /* Sources */,
				B836F40B1CFBEA20005CBC68 /* Frameworks */,
				B836F40C1CFBEA20005CBC68 /* Resources */,
				B828D46B1CFBEEDA00AF51AC /* Embed Frameworks */,
				DEACF25C69ACD4662452650D /* 📦 Embed Pods Frameworks */,
				745EED2E72811A162F4435B7 /* 📦 Copy Pods Resources */,
			);
			buildRules = (
			);
			dependencies = (
				B828D4631CFBEEDA00AF51AC /* PBXTargetDependency */,
			);
			name = GithubRepositoryBrowser;
			productName = GithubRepositoryBrowser;
			productReference = B836F40E1CFBEA20005CBC68 /* GithubRepositoryBrowser.app */;
			productType = "com.apple.product-type.application";
		};
/* End PBXNativeTarget section */

/* Begin PBXProject section */
		B836F4061CFBEA20005CBC68 /* Project object */ = {
			isa = PBXProject;
			attributes = {
				LastSwiftUpdateCheck = 0730;
				LastUpgradeCheck = 0730;
				ORGANIZATIONNAME = waft;
				TargetAttributes = {
					B828D44E1CFBEED900AF51AC = {
						CreatedOnToolsVersion = 7.3.1;
					};
					B828D4571CFBEED900AF51AC = {
						CreatedOnToolsVersion = 7.3.1;
						TestTargetID = B836F40D1CFBEA20005CBC68;
					};
					B836F40D1CFBEA20005CBC68 = {
						CreatedOnToolsVersion = 7.3.1;
					};
				};
			};
			buildConfigurationList = B836F4091CFBEA20005CBC68 /* Build configuration list for PBXProject "GithubRepositoryBrowser" */;
			compatibilityVersion = "Xcode 3.2";
			developmentRegion = English;
			hasScannedForEncodings = 0;
			knownRegions = (
				en,
				Base,
			);
			mainGroup = B836F4051CFBEA20005CBC68;
			productRefGroup = B836F40F1CFBEA20005CBC68 /* Products */;
			projectDirPath = "";
			projectRoot = "";
			targets = (
				B836F40D1CFBEA20005CBC68 /* GithubRepositoryBrowser */,
				B828D44E1CFBEED900AF51AC /* GithubRepositoryBrowserCore */,
				B828D4571CFBEED900AF51AC /* GithubRepositoryBrowserCoreTests */,
			);
		};
/* End PBXProject section */

/* Begin PBXResourcesBuildPhase section */
		B828D44D1CFBEED900AF51AC /* Resources */ = {
			isa = PBXResourcesBuildPhase;
			buildActionMask = 2147483647;
			files = (
			);
			runOnlyForDeploymentPostprocessing = 0;
		};
		B828D4561CFBEED900AF51AC /* Resources */ = {
			isa = PBXResourcesBuildPhase;
			buildActionMask = 2147483647;
			files = (
			);
			runOnlyForDeploymentPostprocessing = 0;
		};
		B836F40C1CFBEA20005CBC68 /* Resources */ = {
			isa = PBXResourcesBuildPhase;
			buildActionMask = 2147483647;
			files = (
				B836F41C1CFBEA20005CBC68 /* LaunchScreen.storyboard in Resources */,
				B836F4191CFBEA20005CBC68 /* Assets.xcassets in Resources */,
				B836F4171CFBEA20005CBC68 /* Main.storyboard in Resources */,
			);
			runOnlyForDeploymentPostprocessing = 0;
		};
/* End PBXResourcesBuildPhase section */

/* Begin PBXShellScriptBuildPhase section */
		283C9FB0ADD78228005984E8 /* 📦 Check Pods Manifest.lock */ = {
			isa = PBXShellScriptBuildPhase;
			buildActionMask = 2147483647;
			files = (
			);
			inputPaths = (
			);
			name = "📦 Check Pods Manifest.lock";
			outputPaths = (
			);
			runOnlyForDeploymentPostprocessing = 0;
			shellPath = /bin/sh;
			shellScript = "diff \"${PODS_ROOT}/../Podfile.lock\" \"${PODS_ROOT}/Manifest.lock\" > /dev/null\nif [[ $? != 0 ]] ; then\n    cat << EOM\nerror: The sandbox is not in sync with the Podfile.lock. Run 'pod install' or update your CocoaPods installation.\nEOM\n    exit 1\nfi\n";
			showEnvVarsInLog = 0;
		};
		5084C44BC268B7BB607E616D /* 📦 Copy Pods Resources */ = {
			isa = PBXShellScriptBuildPhase;
			buildActionMask = 2147483647;
			files = (
			);
			inputPaths = (
			);
			name = "📦 Copy Pods Resources";
			outputPaths = (
			);
			runOnlyForDeploymentPostprocessing = 0;
			shellPath = /bin/sh;
			shellScript = "\"${SRCROOT}/Pods/Target Support Files/Pods-GithubRepositoryBrowserCore/Pods-GithubRepositoryBrowserCore-resources.sh\"\n";
			showEnvVarsInLog = 0;
		};
		745EED2E72811A162F4435B7 /* 📦 Copy Pods Resources */ = {
			isa = PBXShellScriptBuildPhase;
			buildActionMask = 2147483647;
			files = (
			);
			inputPaths = (
			);
			name = "📦 Copy Pods Resources";
			outputPaths = (
			);
			runOnlyForDeploymentPostprocessing = 0;
			shellPath = /bin/sh;
			shellScript = "\"${SRCROOT}/Pods/Target Support Files/Pods-GithubRepositoryBrowser/Pods-GithubRepositoryBrowser-resources.sh\"\n";
			showEnvVarsInLog = 0;
		};
		9383B2D8908EA2A828E3F9A2 /* 📦 Check Pods Manifest.lock */ = {
			isa = PBXShellScriptBuildPhase;
			buildActionMask = 2147483647;
			files = (
			);
			inputPaths = (
			);
			name = "📦 Check Pods Manifest.lock";
			outputPaths = (
			);
			runOnlyForDeploymentPostprocessing = 0;
			shellPath = /bin/sh;
			shellScript = "diff \"${PODS_ROOT}/../Podfile.lock\" \"${PODS_ROOT}/Manifest.lock\" > /dev/null\nif [[ $? != 0 ]] ; then\n    cat << EOM\nerror: The sandbox is not in sync with the Podfile.lock. Run 'pod install' or update your CocoaPods installation.\nEOM\n    exit 1\nfi\n";
			showEnvVarsInLog = 0;
		};
		D5F5B3D2597622CE0113A6EA /* 📦 Check Pods Manifest.lock */ = {
			isa = PBXShellScriptBuildPhase;
			buildActionMask = 2147483647;
			files = (
			);
			inputPaths = (
			);
			name = "📦 Check Pods Manifest.lock";
			outputPaths = (
			);
			runOnlyForDeploymentPostprocessing = 0;
			shellPath = /bin/sh;
			shellScript = "diff \"${PODS_ROOT}/../Podfile.lock\" \"${PODS_ROOT}/Manifest.lock\" > /dev/null\nif [[ $? != 0 ]] ; then\n    cat << EOM\nerror: The sandbox is not in sync with the Podfile.lock. Run 'pod install' or update your CocoaPods installation.\nEOM\n    exit 1\nfi\n";
			showEnvVarsInLog = 0;
		};
		D9254AD2DC68F90435A5E492 /* 📦 Embed Pods Frameworks */ = {
			isa = PBXShellScriptBuildPhase;
			buildActionMask = 2147483647;
			files = (
			);
			inputPaths = (
			);
			name = "📦 Embed Pods Frameworks";
			outputPaths = (
			);
			runOnlyForDeploymentPostprocessing = 0;
			shellPath = /bin/sh;
			shellScript = "\"${SRCROOT}/Pods/Target Support Files/Pods-GithubRepositoryBrowserCoreTests/Pods-GithubRepositoryBrowserCoreTests-frameworks.sh\"\n";
			showEnvVarsInLog = 0;
		};
		DEACF25C69ACD4662452650D /* 📦 Embed Pods Frameworks */ = {
			isa = PBXShellScriptBuildPhase;
			buildActionMask = 2147483647;
			files = (
			);
			inputPaths = (
			);
			name = "📦 Embed Pods Frameworks";
			outputPaths = (
			);
			runOnlyForDeploymentPostprocessing = 0;
			shellPath = /bin/sh;
			shellScript = "\"${SRCROOT}/Pods/Target Support Files/Pods-GithubRepositoryBrowser/Pods-GithubRepositoryBrowser-frameworks.sh\"\n";
			showEnvVarsInLog = 0;
		};
		F71B504FB9A6D493BCE6338C /* 📦 Copy Pods Resources */ = {
			isa = PBXShellScriptBuildPhase;
			buildActionMask = 2147483647;
			files = (
			);
			inputPaths = (
			);
			name = "📦 Copy Pods Resources";
			outputPaths = (
			);
			runOnlyForDeploymentPostprocessing = 0;
			shellPath = /bin/sh;
			shellScript = "\"${SRCROOT}/Pods/Target Support Files/Pods-GithubRepositoryBrowserCoreTests/Pods-GithubRepositoryBrowserCoreTests-resources.sh\"\n";
			showEnvVarsInLog = 0;
		};
/* End PBXShellScriptBuildPhase section */

/* Begin PBXSourcesBuildPhase section */
		B828D44A1CFBEED900AF51AC /* Sources */ = {
			isa = PBXSourcesBuildPhase;
			buildActionMask = 2147483647;
			files = (
				B828D46F1CFBF95200AF51AC /* User.swift in Sources */,
				B828D4711CFBFE7F00AF51AC /* Repository.swift in Sources */,
			);
			runOnlyForDeploymentPostprocessing = 0;
		};
		B828D4541CFBEED900AF51AC /* Sources */ = {
			isa = PBXSourcesBuildPhase;
			buildActionMask = 2147483647;
			files = (
				B828D4601CFBEEDA00AF51AC /* GithubRepositoryBrowserCoreTests.swift in Sources */,
			);
			runOnlyForDeploymentPostprocessing = 0;
		};
		B836F40A1CFBEA20005CBC68 /* Sources */ = {
			isa = PBXSourcesBuildPhase;
			buildActionMask = 2147483647;
			files = (
				B836F4141CFBEA20005CBC68 /* ViewController.swift in Sources */,
				B836F4121CFBEA20005CBC68 /* AppDelegate.swift in Sources */,
			);
			runOnlyForDeploymentPostprocessing = 0;
		};
/* End PBXSourcesBuildPhase section */

/* Begin PBXTargetDependency section */
		B828D45B1CFBEEDA00AF51AC /* PBXTargetDependency */ = {
			isa = PBXTargetDependency;
			target = B828D44E1CFBEED900AF51AC /* GithubRepositoryBrowserCore */;
			targetProxy = B828D45A1CFBEEDA00AF51AC /* PBXContainerItemProxy */;
		};
		B828D45D1CFBEEDA00AF51AC /* PBXTargetDependency */ = {
			isa = PBXTargetDependency;
			target = B836F40D1CFBEA20005CBC68 /* GithubRepositoryBrowser */;
			targetProxy = B828D45C1CFBEEDA00AF51AC /* PBXContainerItemProxy */;
		};
		B828D4631CFBEEDA00AF51AC /* PBXTargetDependency */ = {
			isa = PBXTargetDependency;
			target = B828D44E1CFBEED900AF51AC /* GithubRepositoryBrowserCore */;
			targetProxy = B828D4621CFBEEDA00AF51AC /* PBXContainerItemProxy */;
		};
/* End PBXTargetDependency section */

/* Begin PBXVariantGroup section */
		B836F4151CFBEA20005CBC68 /* Main.storyboard */ = {
			isa = PBXVariantGroup;
			children = (
				B836F4161CFBEA20005CBC68 /* Base */,
			);
			name = Main.storyboard;
			sourceTree = "<group>";
		};
		B836F41A1CFBEA20005CBC68 /* LaunchScreen.storyboard */ = {
			isa = PBXVariantGroup;
			children = (
				B836F41B1CFBEA20005CBC68 /* Base */,
			);
			name = LaunchScreen.storyboard;
			sourceTree = "<group>";
		};
/* End PBXVariantGroup section */

/* Begin XCBuildConfiguration section */
		B828D4661CFBEEDA00AF51AC /* Debug */ = {
			isa = XCBuildConfiguration;
			baseConfigurationReference = 31CAE9A83ACF47C766B5D254 /* Pods-GithubRepositoryBrowserCore.debug.xcconfig */;
			buildSettings = {
				CLANG_ENABLE_MODULES = YES;
				CURRENT_PROJECT_VERSION = 1;
				DEFINES_MODULE = YES;
				DYLIB_COMPATIBILITY_VERSION = 1;
				DYLIB_CURRENT_VERSION = 1;
				DYLIB_INSTALL_NAME_BASE = "@rpath";
				INFOPLIST_FILE = GithubRepositoryBrowserCore/Info.plist;
				INSTALL_PATH = "$(LOCAL_LIBRARY_DIR)/Frameworks";
				LD_RUNPATH_SEARCH_PATHS = "$(inherited) @executable_path/Frameworks @loader_path/Frameworks";
				PRODUCT_BUNDLE_IDENTIFIER = me.waft.GithubRepositoryBrowserCore;
				PRODUCT_NAME = "$(TARGET_NAME)";
				SKIP_INSTALL = YES;
				SWIFT_OPTIMIZATION_LEVEL = "-Onone";
				TARGETED_DEVICE_FAMILY = "1,2";
				VERSIONING_SYSTEM = "apple-generic";
				VERSION_INFO_PREFIX = "";
			};
			name = Debug;
		};
		B828D4671CFBEEDA00AF51AC /* Release */ = {
			isa = XCBuildConfiguration;
			baseConfigurationReference = B1EE3A79C93F7ECEF2AB8490 /* Pods-GithubRepositoryBrowserCore.release.xcconfig */;
			buildSettings = {
				CLANG_ENABLE_MODULES = YES;
				CURRENT_PROJECT_VERSION = 1;
				DEFINES_MODULE = YES;
				DYLIB_COMPATIBILITY_VERSION = 1;
				DYLIB_CURRENT_VERSION = 1;
				DYLIB_INSTALL_NAME_BASE = "@rpath";
				INFOPLIST_FILE = GithubRepositoryBrowserCore/Info.plist;
				INSTALL_PATH = "$(LOCAL_LIBRARY_DIR)/Frameworks";
				LD_RUNPATH_SEARCH_PATHS = "$(inherited) @executable_path/Frameworks @loader_path/Frameworks";
				PRODUCT_BUNDLE_IDENTIFIER = me.waft.GithubRepositoryBrowserCore;
				PRODUCT_NAME = "$(TARGET_NAME)";
				SKIP_INSTALL = YES;
				TARGETED_DEVICE_FAMILY = "1,2";
				VERSIONING_SYSTEM = "apple-generic";
				VERSION_INFO_PREFIX = "";
			};
			name = Release;
		};
		B828D4681CFBEEDA00AF51AC /* Debug */ = {
			isa = XCBuildConfiguration;
			baseConfigurationReference = B09A341BF2BD7ACB4497C93D /* Pods-GithubRepositoryBrowserCoreTests.debug.xcconfig */;
			buildSettings = {
				INFOPLIST_FILE = GithubRepositoryBrowserCoreTests/Info.plist;
				LD_RUNPATH_SEARCH_PATHS = "$(inherited) @executable_path/Frameworks @loader_path/Frameworks";
				PRODUCT_BUNDLE_IDENTIFIER = me.waft.GithubRepositoryBrowserCoreTests;
				PRODUCT_NAME = "$(TARGET_NAME)";
				TEST_HOST = "$(BUILT_PRODUCTS_DIR)/GithubRepositoryBrowser.app/GithubRepositoryBrowser";
			};
			name = Debug;
		};
		B828D4691CFBEEDA00AF51AC /* Release */ = {
			isa = XCBuildConfiguration;
			baseConfigurationReference = 5191747146A1749A2C2183E5 /* Pods-GithubRepositoryBrowserCoreTests.release.xcconfig */;
			buildSettings = {
				INFOPLIST_FILE = GithubRepositoryBrowserCoreTests/Info.plist;
				LD_RUNPATH_SEARCH_PATHS = "$(inherited) @executable_path/Frameworks @loader_path/Frameworks";
				PRODUCT_BUNDLE_IDENTIFIER = me.waft.GithubRepositoryBrowserCoreTests;
				PRODUCT_NAME = "$(TARGET_NAME)";
				TEST_HOST = "$(BUILT_PRODUCTS_DIR)/GithubRepositoryBrowser.app/GithubRepositoryBrowser";
			};
			name = Release;
		};
		B836F4291CFBEA20005CBC68 /* Debug */ = {
			isa = XCBuildConfiguration;
			buildSettings = {
				ALWAYS_SEARCH_USER_PATHS = NO;
				CLANG_ANALYZER_NONNULL = YES;
				CLANG_CXX_LANGUAGE_STANDARD = "gnu++0x";
				CLANG_CXX_LIBRARY = "libc++";
				CLANG_ENABLE_MODULES = YES;
				CLANG_ENABLE_OBJC_ARC = YES;
				CLANG_WARN_BOOL_CONVERSION = YES;
				CLANG_WARN_CONSTANT_CONVERSION = YES;
				CLANG_WARN_DIRECT_OBJC_ISA_USAGE = YES_ERROR;
				CLANG_WARN_EMPTY_BODY = YES;
				CLANG_WARN_ENUM_CONVERSION = YES;
				CLANG_WARN_INT_CONVERSION = YES;
				CLANG_WARN_OBJC_ROOT_CLASS = YES_ERROR;
				CLANG_WARN_UNREACHABLE_CODE = YES;
				CLANG_WARN__DUPLICATE_METHOD_MATCH = YES;
				"CODE_SIGN_IDENTITY[sdk=iphoneos*]" = "iPhone Developer";
				COPY_PHASE_STRIP = NO;
				DEBUG_INFORMATION_FORMAT = dwarf;
				ENABLE_STRICT_OBJC_MSGSEND = YES;
				ENABLE_TESTABILITY = YES;
				GCC_C_LANGUAGE_STANDARD = gnu99;
				GCC_DYNAMIC_NO_PIC = NO;
				GCC_NO_COMMON_BLOCKS = YES;
				GCC_OPTIMIZATION_LEVEL = 0;
				GCC_PREPROCESSOR_DEFINITIONS = (
					"DEBUG=1",
					"$(inherited)",
				);
				GCC_WARN_64_TO_32_BIT_CONVERSION = YES;
				GCC_WARN_ABOUT_RETURN_TYPE = YES_ERROR;
				GCC_WARN_UNDECLARED_SELECTOR = YES;
				GCC_WARN_UNINITIALIZED_AUTOS = YES_AGGRESSIVE;
				GCC_WARN_UNUSED_FUNCTION = YES;
				GCC_WARN_UNUSED_VARIABLE = YES;
				IPHONEOS_DEPLOYMENT_TARGET = 9.3;
				MTL_ENABLE_DEBUG_INFO = YES;
				ONLY_ACTIVE_ARCH = YES;
				SDKROOT = iphoneos;
				SWIFT_OPTIMIZATION_LEVEL = "-Onone";
			};
			name = Debug;
		};
		B836F42A1CFBEA20005CBC68 /* Release */ = {
			isa = XCBuildConfiguration;
			buildSettings = {
				ALWAYS_SEARCH_USER_PATHS = NO;
				CLANG_ANALYZER_NONNULL = YES;
				CLANG_CXX_LANGUAGE_STANDARD = "gnu++0x";
				CLANG_CXX_LIBRARY = "libc++";
				CLANG_ENABLE_MODULES = YES;
				CLANG_ENABLE_OBJC_ARC = YES;
				CLANG_WARN_BOOL_CONVERSION = YES;
				CLANG_WARN_CONSTANT_CONVERSION = YES;
				CLANG_WARN_DIRECT_OBJC_ISA_USAGE = YES_ERROR;
				CLANG_WARN_EMPTY_BODY = YES;
				CLANG_WARN_ENUM_CONVERSION = YES;
				CLANG_WARN_INT_CONVERSION = YES;
				CLANG_WARN_OBJC_ROOT_CLASS = YES_ERROR;
				CLANG_WARN_UNREACHABLE_CODE = YES;
				CLANG_WARN__DUPLICATE_METHOD_MATCH = YES;
				"CODE_SIGN_IDENTITY[sdk=iphoneos*]" = "iPhone Developer";
				COPY_PHASE_STRIP = NO;
				DEBUG_INFORMATION_FORMAT = "dwarf-with-dsym";
				ENABLE_NS_ASSERTIONS = NO;
				ENABLE_STRICT_OBJC_MSGSEND = YES;
				GCC_C_LANGUAGE_STANDARD = gnu99;
				GCC_NO_COMMON_BLOCKS = YES;
				GCC_WARN_64_TO_32_BIT_CONVERSION = YES;
				GCC_WARN_ABOUT_RETURN_TYPE = YES_ERROR;
				GCC_WARN_UNDECLARED_SELECTOR = YES;
				GCC_WARN_UNINITIALIZED_AUTOS = YES_AGGRESSIVE;
				GCC_WARN_UNUSED_FUNCTION = YES;
				GCC_WARN_UNUSED_VARIABLE = YES;
				IPHONEOS_DEPLOYMENT_TARGET = 9.3;
				MTL_ENABLE_DEBUG_INFO = NO;
				SDKROOT = iphoneos;
				VALIDATE_PRODUCT = YES;
			};
			name = Release;
		};
		B836F42C1CFBEA20005CBC68 /* Debug */ = {
			isa = XCBuildConfiguration;
			baseConfigurationReference = 31920EB36C5931C6B3E2888D /* Pods-GithubRepositoryBrowser.debug.xcconfig */;
			buildSettings = {
				ASSETCATALOG_COMPILER_APPICON_NAME = AppIcon;
				EMBEDDED_CONTENT_CONTAINS_SWIFT = YES;
				INFOPLIST_FILE = GithubRepositoryBrowser/Info.plist;
				LD_RUNPATH_SEARCH_PATHS = "$(inherited) @executable_path/Frameworks";
				PRODUCT_BUNDLE_IDENTIFIER = me.waft.GithubRepositoryBrowser;
				PRODUCT_NAME = "$(TARGET_NAME)";
			};
			name = Debug;
		};
		B836F42D1CFBEA20005CBC68 /* Release */ = {
			isa = XCBuildConfiguration;
			baseConfigurationReference = 87AA9F6D687EB39571DD1A88 /* Pods-GithubRepositoryBrowser.release.xcconfig */;
			buildSettings = {
				ASSETCATALOG_COMPILER_APPICON_NAME = AppIcon;
				EMBEDDED_CONTENT_CONTAINS_SWIFT = YES;
				INFOPLIST_FILE = GithubRepositoryBrowser/Info.plist;
				LD_RUNPATH_SEARCH_PATHS = "$(inherited) @executable_path/Frameworks";
				PRODUCT_BUNDLE_IDENTIFIER = me.waft.GithubRepositoryBrowser;
				PRODUCT_NAME = "$(TARGET_NAME)";
			};
			name = Release;
		};
/* End XCBuildConfiguration section */

/* Begin XCConfigurationList section */
		B828D46A1CFBEEDA00AF51AC /* Build configuration list for PBXNativeTarget "GithubRepositoryBrowserCore" */ = {
			isa = XCConfigurationList;
			buildConfigurations = (
				B828D4661CFBEEDA00AF51AC /* Debug */,
				B828D4671CFBEEDA00AF51AC /* Release */,
			);
			defaultConfigurationIsVisible = 0;
			defaultConfigurationName = Release;
		};
		B828D46C1CFBEEDA00AF51AC /* Build configuration list for PBXNativeTarget "GithubRepositoryBrowserCoreTests" */ = {
			isa = XCConfigurationList;
			buildConfigurations = (
				B828D4681CFBEEDA00AF51AC /* Debug */,
				B828D4691CFBEEDA00AF51AC /* Release */,
			);
			defaultConfigurationIsVisible = 0;
			defaultConfigurationName = Release;
		};
		B836F4091CFBEA20005CBC68 /* Build configuration list for PBXProject "GithubRepositoryBrowser" */ = {
			isa = XCConfigurationList;
			buildConfigurations = (
				B836F4291CFBEA20005CBC68 /* Debug */,
				B836F42A1CFBEA20005CBC68 /* Release */,
			);
			defaultConfigurationIsVisible = 0;
			defaultConfigurationName = Release;
		};
		B836F42B1CFBEA20005CBC68 /* Build configuration list for PBXNativeTarget "GithubRepositoryBrowser" */ = {
			isa = XCConfigurationList;
			buildConfigurations = (
				B836F42C1CFBEA20005CBC68 /* Debug */,
				B836F42D1CFBEA20005CBC68 /* Release */,
			);
			defaultConfigurationIsVisible = 0;
			defaultConfigurationName = Release;
		};
/* End XCConfigurationList section */
	};
	rootObject = B836F4061CFBEA20005CBC68 /* Project object */;
}
